// !$*UTF8*$!
{
	archiveVersion = 1;
	classes = {
	};
	objectVersion = 56;
	objects = {

/* Begin PBXBuildFile section */
		/* Models */
		A10001 /* AssetModels.swift in Sources */ = {isa = PBXBuildFile; fileRef = B10001; };
		A10002 /* CandleData.swift in Sources */ = {isa = PBXBuildFile; fileRef = B10002; };
		A10003 /* IndicatorModels.swift in Sources */ = {isa = PBXBuildFile; fileRef = B10003; };

		/* IndicatorEngine */
		A20001 /* IndicatorProtocol.swift in Sources */ = {isa = PBXBuildFile; fileRef = B20001; };
		A20002 /* IndicatorSlots.swift in Sources */ = {isa = PBXBuildFile; fileRef = B20002; };
		A20003 /* SignalRadarEngine.swift in Sources */ = {isa = PBXBuildFile; fileRef = B20003; };
		A20004 /* IndicatorEngine.swift in Sources */ = {isa = PBXBuildFile; fileRef = B20004; };

		/* Network */
		A30001 /* BinanceWebSocketManager.swift in Sources */ = {isa = PBXBuildFile; fileRef = B30001; };
		A30002 /* GoldDataProvider.swift in Sources */ = {isa = PBXBuildFile; fileRef = B30002; };
		A30003 /* DataPipeline.swift in Sources */ = {isa = PBXBuildFile; fileRef = B30003; };
		A30004 /* BitgetWebSocketManager.swift in Sources */ = {isa = PBXBuildFile; fileRef = B30004; };
		A30005 /* GateIOWebSocketManager.swift in Sources */ = {isa = PBXBuildFile; fileRef = B30005; };

		/* Services */
		A40001 /* LocalAlertManager.swift in Sources */ = {isa = PBXBuildFile; fileRef = B40001; };
		A40002 /* ThemeManager.swift in Sources */ = {isa = PBXBuildFile; fileRef = B40002; };

		/* LiquidGlassUI */
		A50001 /* LiquidGlassTheme.swift in Sources */ = {isa = PBXBuildFile; fileRef = B50001; };
		A50002 /* LiquidGlassModifier.swift in Sources */ = {isa = PBXBuildFile; fileRef = B50002; };
		A50003 /* GlassCard.swift in Sources */ = {isa = PBXBuildFile; fileRef = B50003; };
		A50004 /* RadarView.swift in Sources */ = {isa = PBXBuildFile; fileRef = B50004; };

		/* ViewModels */
		A60001 /* MarketViewModel.swift in Sources */ = {isa = PBXBuildFile; fileRef = B60001; };
		A60002 /* IndicatorViewModel.swift in Sources */ = {isa = PBXBuildFile; fileRef = B60002; };

		/* Views */
		A70001 /* ContentView.swift in Sources */ = {isa = PBXBuildFile; fileRef = B70001; };
		A70002 /* DashboardView.swift in Sources */ = {isa = PBXBuildFile; fileRef = B70002; };
		A70003 /* KLineChartView.swift in Sources */ = {isa = PBXBuildFile; fileRef = B70003; };
		A70004 /* IndicatorPanelView.swift in Sources */ = {isa = PBXBuildFile; fileRef = B70004; };
		A70005 /* SettingsView.swift in Sources */ = {isa = PBXBuildFile; fileRef = B70005; };
		A70006 /* LaunchScreen.swift in Sources */ = {isa = PBXBuildFile; fileRef = B70006; };
		A70007 /* BackgroundImageView.swift in Sources */ = {isa = PBXBuildFile; fileRef = B70007; };

		/* App */
		A80001 /* QuantDashboardApp.swift in Sources */ = {isa = PBXBuildFile; fileRef = B80001; };
/* End PBXBuildFile section */

/* Begin PBXFileReference section */
		/* Models */
		B10001 /* AssetModels.swift */ = {isa = PBXFileReference; lastKnownFileType = sourcecode.swift; path = AssetModels.swift; sourceTree = "<group>"; };
		B10002 /* CandleData.swift */ = {isa = PBXFileReference; lastKnownFileType = sourcecode.swift; path = CandleData.swift; sourceTree = "<group>"; };
		B10003 /* IndicatorModels.swift */ = {isa = PBXFileReference; lastKnownFileType = sourcecode.swift; path = IndicatorModels.swift; sourceTree = "<group>"; };

		/* IndicatorEngine */
		B20001 /* IndicatorProtocol.swift */ = {isa = PBXFileReference; lastKnownFileType = sourcecode.swift; path = IndicatorProtocol.swift; sourceTree = "<group>"; };
		B20002 /* IndicatorSlots.swift */ = {isa = PBXFileReference; lastKnownFileType = sourcecode.swift; path = IndicatorSlots.swift; sourceTree = "<group>"; };
		B20003 /* SignalRadarEngine.swift */ = {isa = PBXFileReference; lastKnownFileType = sourcecode.swift; path = SignalRadarEngine.swift; sourceTree = "<group>"; };
		B20004 /* IndicatorEngine.swift */ = {isa = PBXFileReference; lastKnownFileType = sourcecode.swift; path = IndicatorEngine.swift; sourceTree = "<group>"; };

		/* Network */
		B30001 /* BinanceWebSocketManager.swift */ = {isa = PBXFileReference; lastKnownFileType = sourcecode.swift; path = BinanceWebSocketManager.swift; sourceTree = "<group>"; };
		B30002 /* GoldDataProvider.swift */ = {isa = PBXFileReference; lastKnownFileType = sourcecode.swift; path = GoldDataProvider.swift; sourceTree = "<group>"; };
		B30003 /* DataPipeline.swift */ = {isa = PBXFileReference; lastKnownFileType = sourcecode.swift; path = DataPipeline.swift; sourceTree = "<group>"; };
		B30004 /* BitgetWebSocketManager.swift */ = {isa = PBXFileReference; lastKnownFileType = sourcecode.swift; path = BitgetWebSocketManager.swift; sourceTree = "<group>"; };
		B30005 /* GateIOWebSocketManager.swift */ = {isa = PBXFileReference; lastKnownFileType = sourcecode.swift; path = GateIOWebSocketManager.swift; sourceTree = "<group>"; };

		/* Services */
		B40001 /* LocalAlertManager.swift */ = {isa = PBXFileReference; lastKnownFileType = sourcecode.swift; path = LocalAlertManager.swift; sourceTree = "<group>"; };
		B40002 /* ThemeManager.swift */ = {isa = PBXFileReference; lastKnownFileType = sourcecode.swift; path = ThemeManager.swift; sourceTree = "<group>"; };

		/* LiquidGlassUI */
		B50001 /* LiquidGlassTheme.swift */ = {isa = PBXFileReference; lastKnownFileType = sourcecode.swift; path = LiquidGlassTheme.swift; sourceTree = "<group>"; };
		B50002 /* LiquidGlassModifier.swift */ = {isa = PBXFileReference; lastKnownFileType = sourcecode.swift; path = LiquidGlassModifier.swift; sourceTree = "<group>"; };
		B50003 /* GlassCard.swift */ = {isa = PBXFileReference; lastKnownFileType = sourcecode.swift; path = GlassCard.swift; sourceTree = "<group>"; };
		B50004 /* RadarView.swift */ = {isa = PBXFileReference; lastKnownFileType = sourcecode.swift; path = RadarView.swift; sourceTree = "<group>"; };

		/* ViewModels */
		B60001 /* MarketViewModel.swift */ = {isa = PBXFileReference; lastKnownFileType = sourcecode.swift; path = MarketViewModel.swift; sourceTree = "<group>"; };
		B60002 /* IndicatorViewModel.swift */ = {isa = PBXFileReference; lastKnownFileType = sourcecode.swift; path = IndicatorViewModel.swift; sourceTree = "<group>"; };

		/* Views */
		B70001 /* ContentView.swift */ = {isa = PBXFileReference; lastKnownFileType = sourcecode.swift; path = ContentView.swift; sourceTree = "<group>"; };
		B70002 /* DashboardView.swift */ = {isa = PBXFileReference; lastKnownFileType = sourcecode.swift; path = DashboardView.swift; sourceTree = "<group>"; };
		B70003 /* KLineChartView.swift */ = {isa = PBXFileReference; lastKnownFileType = sourcecode.swift; path = KLineChartView.swift; sourceTree = "<group>"; };
		B70004 /* IndicatorPanelView.swift */ = {isa = PBXFileReference; lastKnownFileType = sourcecode.swift; path = IndicatorPanelView.swift; sourceTree = "<group>"; };
		B70005 /* SettingsView.swift */ = {isa = PBXFileReference; lastKnownFileType = sourcecode.swift; path = SettingsView.swift; sourceTree = "<group>"; };
		B70006 /* LaunchScreen.swift */ = {isa = PBXFileReference; lastKnownFileType = sourcecode.swift; path = LaunchScreen.swift; sourceTree = "<group>"; };
		B70007 /* BackgroundImageView.swift */ = {isa = PBXFileReference; lastKnownFileType = sourcecode.swift; path = BackgroundImageView.swift; sourceTree = "<group>"; };

		/* App */
		B80001 /* QuantDashboardApp.swift */ = {isa = PBXFileReference; lastKnownFileType = sourcecode.swift; path = QuantDashboardApp.swift; sourceTree = "<group>"; };
		B80002 /* Info.plist */ = {isa = PBXFileReference; lastKnownFileType = text.plist.xml; path = Info.plist; sourceTree = "<group>"; };
		B80003 /* Entitlements.plist */ = {isa = PBXFileReference; lastKnownFileType = text.plist.xml; path = Entitlements.plist; sourceTree = "<group>"; };

		/* Product */
		B90001 /* QuantDashboard.app */ = {isa = PBXFileReference; explicitFileType = wrapper.application; includeInIndex = 0; path = QuantDashboard.app; sourceTree = BUILT_PRODUCTS_DIR; };
/* End PBXFileReference section */

/* Begin PBXFrameworksBuildPhase section */
		C10001 /* Frameworks */ = {
			isa = PBXFrameworksBuildPhase;
			buildActionMask = 2147483647;
			files = (
			);
			runOnlyForDeploymentPostprocessing = 0;
		};
/* End PBXFrameworksBuildPhase section */

/* Begin PBXGroup section */
		D10001 = {
			isa = PBXGroup;
			children = (
				D10010 /* QuantDashboard */,
				D10020 /* Products */,
			);
			sourceTree = "<group>";
		};
		D10010 /* QuantDashboard */ = {
			isa = PBXGroup;
			children = (
				B80001 /* QuantDashboardApp.swift */,
				B80002 /* Info.plist */,
				B80003 /* Entitlements.plist */,
				D10011 /* Models */,
				D10012 /* IndicatorEngine */,
				D10013 /* Network */,
				D10014 /* Services */,
				D10015 /* LiquidGlassUI */,
				D10016 /* ViewModels */,
				D10017 /* Views */,
			);
			path = QuantDashboard;
			sourceTree = "<group>";
		};
		D10011 /* Models */ = {
			isa = PBXGroup;
			children = (
				B10001 /* AssetModels.swift */,
				B10002 /* CandleData.swift */,
				B10003 /* IndicatorModels.swift */,
			);
			path = Models;
			sourceTree = "<group>";
		};
		D10012 /* IndicatorEngine */ = {
			isa = PBXGroup;
			children = (
				B20001 /* IndicatorProtocol.swift */,
				B20002 /* IndicatorSlots.swift */,
				B20003 /* SignalRadarEngine.swift */,
				B20004 /* IndicatorEngine.swift */,
			);
			path = IndicatorEngine;
			sourceTree = "<group>";
		};
		D10013 /* Network */ = {
			isa = PBXGroup;
			children = (
				B30001 /* BinanceWebSocketManager.swift */,
				B30002 /* GoldDataProvider.swift */,
				B30003 /* DataPipeline.swift */,
				B30004 /* BitgetWebSocketManager.swift */,
				B30005 /* GateIOWebSocketManager.swift */,
			);
			path = Network;
			sourceTree = "<group>";
		};
		D10014 /* Services */ = {
			isa = PBXGroup;
			children = (
				B40001 /* LocalAlertManager.swift */,
				B40002 /* ThemeManager.swift */,
			);
			path = Services;
			sourceTree = "<group>";
		};
		D10015 /* LiquidGlassUI */ = {
			isa = PBXGroup;
			children = (
				B50001 /* LiquidGlassTheme.swift */,
				B50002 /* LiquidGlassModifier.swift */,
				B50003 /* GlassCard.swift */,
				B50004 /* RadarView.swift */,
			);
			path = LiquidGlassUI;
			sourceTree = "<group>";
		};
		D10016 /* ViewModels */ = {
			isa = PBXGroup;
			children = (
				B60001 /* MarketViewModel.swift */,
				B60002 /* IndicatorViewModel.swift */,
			);
			path = ViewModels;
			sourceTree = "<group>";
		};
		D10017 /* Views */ = {
			isa = PBXGroup;
			children = (
				B70001 /* ContentView.swift */,
				B70006 /* LaunchScreen.swift */,
				D10018 /* Dashboard */,
				D10019 /* Charts */,
				D1001A /* Panels */,
				D1001B /* Settings */,
			);
			path = Views;
			sourceTree = "<group>";
		};
		D10018 /* Dashboard */ = {
			isa = PBXGroup;
			children = (
				B70002 /* DashboardView.swift */,
			);
			path = Dashboard;
			sourceTree = "<group>";
		};
		D10019 /* Charts */ = {
			isa = PBXGroup;
			children = (
				B70003 /* KLineChartView.swift */,
			);
			path = Charts;
			sourceTree = "<group>";
		};
		D1001A /* Panels */ = {
			isa = PBXGroup;
			children = (
				B70004 /* IndicatorPanelView.swift */,
			);
			path = Panels;
			sourceTree = "<group>";
		};
		D1001B /* Settings */ = {
			isa = PBXGroup;
			children = (
				B70005 /* SettingsView.swift */,
			);
			path = Settings;
			sourceTree = "<group>";
		};
		D10020 /* Products */ = {
			isa = PBXGroup;
			children = (
				B90001 /* QuantDashboard.app */,
			);
			name = Products;
			sourceTree = "<group>";
		};
/* End PBXGroup section */

/* Begin PBXNativeTarget section */
		E10001 /* QuantDashboard */ = {
			isa = PBXNativeTarget;
			buildConfigurationList = E30001 /* Build configuration list for PBXNativeTarget "QuantDashboard" */;
			buildPhases = (
				E20001 /* Sources */,
				C10001 /* Frameworks */,
			);
			buildRules = (
			);
			dependencies = (
			);
			name = QuantDashboard;
			productName = QuantDashboard;
			productReference = B90001 /* QuantDashboard.app */;
			productType = "com.apple.product-type.application";
		};
/* End PBXNativeTarget section */

/* Begin PBXProject section */
		E10000 /* Project object */ = {
			isa = PBXProject;
			attributes = {
				BuildIndependentTargetsInParallel = 1;
				LastSwiftUpdateCheck = 1500;
				LastUpgradeCheck = 1500;
				TargetAttributes = {
					E10001 = {
						CreatedOnToolsVersion = 15.0;
					};
				};
			};
			buildConfigurationList = E30000 /* Build configuration list for PBXProject "QuantDashboard" */;
			compatibilityVersion = "Xcode 14.0";
			developmentRegion = "zh-Hans";
			hasScannedForEncodings = 0;
			knownRegions = (
				en,
				"zh-Hans",
				Base,
			);
			mainGroup = D10001;
			productRefGroup = D10020 /* Products */;
			projectDirPath = "";
			projectRoot = "";
			targets = (
				E10001 /* QuantDashboard */,
			);
		};
/* End PBXProject section */

/* Begin PBXSourcesBuildPhase section */
		E20001 /* Sources */ = {
			isa = PBXSourcesBuildPhase;
			buildActionMask = 2147483647;
			files = (
				A80001 /* QuantDashboardApp.swift */,
				A10001 /* AssetModels.swift */,
				A10002 /* CandleData.swift */,
				A10003 /* IndicatorModels.swift */,
				A20001 /* IndicatorProtocol.swift */,
				A20002 /* IndicatorSlots.swift */,
				A20003 /* SignalRadarEngine.swift */,
				A20004 /* IndicatorEngine.swift */,
				A30001 /* BinanceWebSocketManager.swift */,
				A30002 /* GoldDataProvider.swift */,
				A30003 /* DataPipeline.swift */,
				A30004 /* BitgetWebSocketManager.swift */,
				A30005 /* GateIOWebSocketManager.swift */,
				A40001 /* LocalAlertManager.swift */,
				A40002 /* ThemeManager.swift */,
				A50001 /* LiquidGlassTheme.swift */,
				A50002 /* LiquidGlassModifier.swift */,
				A50003 /* GlassCard.swift */,
				A50004 /* RadarView.swift */,
				A60001 /* MarketViewModel.swift */,
				A60002 /* IndicatorViewModel.swift */,
				A70001 /* ContentView.swift */,
				A70002 /* DashboardView.swift */,
				A70003 /* KLineChartView.swift */,
				A70004 /* IndicatorPanelView.swift */,
				A70005 /* SettingsView.swift */,
				A70006 /* LaunchScreen.swift */,
				A70007 /* BackgroundImageView.swift */,
			);
			runOnlyForDeploymentPostprocessing = 0;
		};
/* End PBXSourcesBuildPhase section */

/* Begin XCBuildConfiguration section */
		F10001 /* Debug */ = {
			isa = XCBuildConfiguration;
			buildSettings = {
				ALWAYS_SEARCH_USER_PATHS = NO;
				ASSETCATALOG_COMPILER_GENERATE_SWIFT_ASSET_SYMBOL_EXTENSIONS = YES;
				CLANG_CXX_LANGUAGE_STANDARD = "gnu++20";
				CLANG_ENABLE_MODULES = YES;
				CLANG_ENABLE_OBJC_ARC = YES;
				COPY_PHASE_STRIP = NO;
				DEBUG_INFORMATION_FORMAT = dwarf;
				ENABLE_STRICT_OBJC_MSGSEND = YES;
				ENABLE_TESTABILITY = YES;
				GCC_DYNAMIC_NO_PIC = NO;
				GCC_NO_COMMON_BLOCKS = YES;
				GCC_OPTIMIZATION_LEVEL = 0;
				GCC_PREPROCESSOR_DEFINITIONS = (
					"DEBUG=1",
					"$(inherited)",
				);
				GCC_WARN_64_TO_32_BIT_CONVERSION = YES;
				GCC_WARN_ABOUT_RETURN_TYPE = YES_ERROR;
				GCC_WARN_UNDECLARED_SELECTOR = YES;
				GCC_WARN_UNINITIALIZED_AUTOS = YES_AGGRESSIVE;
				GCC_WARN_UNUSED_FUNCTION = YES;
				GCC_WARN_UNUSED_VARIABLE = YES;
				IPHONEOS_DEPLOYMENT_TARGET = 16.0;
				MTL_ENABLE_DEBUG_INFO = INCLUDE_SOURCE;
				MTL_FAST_MATH = YES;
				ONLY_ACTIVE_ARCH = YES;
				SDKROOT = iphoneos;
				SWIFT_ACTIVE_COMPILATION_CONDITIONS = "DEBUG $(inherited)";
				SWIFT_OPTIMIZATION_LEVEL = "-Onone";
			};
			name = Debug;
		};
		F10002 /* Release */ = {
			isa = XCBuildConfiguration;
			buildSettings = {
				ALWAYS_SEARCH_USER_PATHS = NO;
				ASSETCATALOG_COMPILER_GENERATE_SWIFT_ASSET_SYMBOL_EXTENSIONS = YES;
				CLANG_CXX_LANGUAGE_STANDARD = "gnu++20";
				CLANG_ENABLE_MODULES = YES;
				CLANG_ENABLE_OBJC_ARC = YES;
				COPY_PHASE_STRIP = NO;
				DEBUG_INFORMATION_FORMAT = "dwarf-with-dsym";
				ENABLE_NS_ASSERTIONS = NO;
				ENABLE_STRICT_OBJC_MSGSEND = YES;
				GCC_NO_COMMON_BLOCKS = YES;
				GCC_WARN_64_TO_32_BIT_CONVERSION = YES;
				GCC_WARN_ABOUT_RETURN_TYPE = YES_ERROR;
				GCC_WARN_UNDECLARED_SELECTOR = YES;
				GCC_WARN_UNINITIALIZED_AUTOS = YES_AGGRESSIVE;
				GCC_WARN_UNUSED_FUNCTION = YES;
				GCC_WARN_UNUSED_VARIABLE = YES;
				IPHONEOS_DEPLOYMENT_TARGET = 16.0;
				MTL_ENABLE_DEBUG_INFO = NO;
				MTL_FAST_MATH = YES;
				SDKROOT = iphoneos;
				SWIFT_COMPILATION_MODE = wholemodule;
				VALIDATE_PRODUCT = YES;
			};
			name = Release;
		};
		F20001 /* Debug */ = {
			isa = XCBuildConfiguration;
			buildSettings = {
				ASSETCATALOG_COMPILER_APPICON_NAME = AppIcon;
				ASSETCATALOG_COMPILER_GLOBAL_ACCENT_COLOR_NAME = AccentColor;
				CODE_SIGN_ENTITLEMENTS = QuantDashboard/Entitlements.plist;
				CODE_SIGN_STYLE = Automatic;
				CURRENT_PROJECT_VERSION = 1;
				GENERATE_INFOPLIST_FILE = NO;
				INFOPLIST_FILE = QuantDashboard/Info.plist;
				INFOPLIST_KEY_UIApplicationSupportsIndirectInputEvents = YES;
				INFOPLIST_KEY_UIUserInterfaceStyle = Dark;
				LD_RUNPATH_SEARCH_PATHS = (
					"$(inherited)",
					"@executable_path/Frameworks",
				);
				MARKETING_VERSION = 1.0.0;
				PRODUCT_BUNDLE_IDENTIFIER = com.quantdashboard.app;
				PRODUCT_NAME = "$(TARGET_NAME)";
				SWIFT_EMIT_LOC_STRINGS = YES;
				SWIFT_VERSION = 5.0;
				TARGETED_DEVICE_FAMILY = "1,2";
			};
			name = Debug;
		};
		F20002 /* Release */ = {
			isa = XCBuildConfiguration;
			buildSettings = {
				ASSETCATALOG_COMPILER_APPICON_NAME = AppIcon;
				ASSETCATALOG_COMPILER_GLOBAL_ACCENT_COLOR_NAME = AccentColor;
				CODE_SIGN_ENTITLEMENTS = QuantDashboard/Entitlements.plist;
				CODE_SIGN_STYLE = Automatic;
				CURRENT_PROJECT_VERSION = 1;
				GENERATE_INFOPLIST_FILE = NO;
				INFOPLIST_FILE = QuantDashboard/Info.plist;
				INFOPLIST_KEY_UIApplicationSupportsIndirectInputEvents = YES;
				INFOPLIST_KEY_UIUserInterfaceStyle = Dark;
				LD_RUNPATH_SEARCH_PATHS = (
					"$(inherited)",
					"@executable_path/Frameworks",
				);
				MARKETING_VERSION = 1.0.0;
				PRODUCT_BUNDLE_IDENTIFIER = com.quantdashboard.app;
				PRODUCT_NAME = "$(TARGET_NAME)";
				SWIFT_EMIT_LOC_STRINGS = YES;
				SWIFT_VERSION = 5.0;
				TARGETED_DEVICE_FAMILY = "1,2";
			};
			name = Release;
		};
/* End XCBuildConfiguration section */

/* Begin XCConfigurationList section */
		E30000 /* Build configuration list for PBXProject "QuantDashboard" */ = {
			isa = XCConfigurationList;
			buildConfigurations = (
				F10001 /* Debug */,
				F10002 /* Release */,
			);
			defaultConfigurationIsVisible = 0;
			defaultConfigurationName = Release;
		};
		E30001 /* Build configuration list for PBXNativeTarget "QuantDashboard" */ = {
			isa = XCConfigurationList;
			buildConfigurations = (
				F20001 /* Debug */,
				F20002 /* Release */,
			);
			defaultConfigurationIsVisible = 0;
			defaultConfigurationName = Release;
		};
/* End XCConfigurationList section */

	};
	rootObject = E10000 /* Project object */;
}
